// !$*UTF8*$!
{
	archiveVersion = 1;
	classes = {
	};
	objectVersion = 50;
	objects = {

/* Begin PBXBuildFile section */
		166DB0C122BD8040008A0FC3 /* AppDelegate.swift in Sources */ = {isa = PBXBuildFile; fileRef = 166DB0C022BD8040008A0FC3 /* AppDelegate.swift */; };
		166DB0C322BD8040008A0FC3 /* ViewControllerClass.swift in Sources */ = {isa = PBXBuildFile; fileRef = 166DB0C222BD8040008A0FC3 /* ViewControllerClass.swift */; };
		166DB0C622BD8040008A0FC3 /* Main.storyboard in Resources */ = {isa = PBXBuildFile; fileRef = 166DB0C422BD8040008A0FC3 /* Main.storyboard */; };
		166DB0C822BD8041008A0FC3 /* Assets.xcassets in Resources */ = {isa = PBXBuildFile; fileRef = 166DB0C722BD8041008A0FC3 /* Assets.xcassets */; };
		166DB0CB22BD8041008A0FC3 /* LaunchScreen.storyboard in Resources */ = {isa = PBXBuildFile; fileRef = 166DB0C922BD8041008A0FC3 /* LaunchScreen.storyboard */; };
		166DB0D322BD80BE008A0FC3 /* Employee.swift in Sources */ = {isa = PBXBuildFile; fileRef = 166DB0D222BD80BE008A0FC3 /* Employee.swift */; };
		167A391522EB9C180038E2DA /* Vehicle.swift in Sources */ = {isa = PBXBuildFile; fileRef = 167A391422EB9C180038E2DA /* Vehicle.swift */; };
		168C3B2B22CFF8DA008EF6CF /* FullTime.swift in Sources */ = {isa = PBXBuildFile; fileRef = 168C3B2A22CFF8DA008EF6CF /* FullTime.swift */; };
		168C3B2D22D92218008EF6CF /* PartTime.swift in Sources */ = {isa = PBXBuildFile; fileRef = 168C3B2C22D92218008EF6CF /* PartTime.swift */; };
/* End PBXBuildFile section */

/* Begin PBXFileReference section */
		166DB0BD22BD8040008A0FC3 /* hr1.app */ = {isa = PBXFileReference; explicitFileType = wrapper.application; includeInIndex = 0; path = hr1.app; sourceTree = BUILT_PRODUCTS_DIR; };
		166DB0C022BD8040008A0FC3 /* AppDelegate.swift */ = {isa = PBXFileReference; lastKnownFileType = sourcecode.swift; path = AppDelegate.swift; sourceTree = "<group>"; };
		166DB0C222BD8040008A0FC3 /* ViewControllerClass.swift */ = {isa = PBXFileReference; lastKnownFileType = sourcecode.swift; path = ViewControllerClass.swift; sourceTree = "<group>"; };
		166DB0C522BD8040008A0FC3 /* Base */ = {isa = PBXFileReference; lastKnownFileType = file.storyboard; name = Base; path = Base.lproj/Main.storyboard; sourceTree = "<group>"; };
		166DB0C722BD8041008A0FC3 /* Assets.xcassets */ = {isa = PBXFileReference; lastKnownFileType = folder.assetcatalog; path = Assets.xcassets; sourceTree = "<group>"; };
		166DB0CA22BD8041008A0FC3 /* Base */ = {isa = PBXFileReference; lastKnownFileType = file.storyboard; name = Base; path = Base.lproj/LaunchScreen.storyboard; sourceTree = "<group>"; };
		166DB0CC22BD8041008A0FC3 /* Info.plist */ = {isa = PBXFileReference; lastKnownFileType = text.plist.xml; path = Info.plist; sourceTree = "<group>"; };
		166DB0D222BD80BE008A0FC3 /* Employee.swift */ = {isa = PBXFileReference; lastKnownFileType = sourcecode.swift; path = Employee.swift; sourceTree = "<group>"; };
		167A391422EB9C180038E2DA /* Vehicle.swift */ = {isa = PBXFileReference; lastKnownFileType = sourcecode.swift; path = Vehicle.swift; sourceTree = "<group>"; };
		168C3B2A22CFF8DA008EF6CF /* FullTime.swift */ = {isa = PBXFileReference; lastKnownFileType = sourcecode.swift; path = FullTime.swift; sourceTree = "<group>"; };
		168C3B2C22D92218008EF6CF /* PartTime.swift */ = {isa = PBXFileReference; lastKnownFileType = sourcecode.swift; path = PartTime.swift; sourceTree = "<group>"; };
/* End PBXFileReference section */

/* Begin PBXFrameworksBuildPhase section */
		166DB0BA22BD8040008A0FC3 /* Frameworks */ = {
			isa = PBXFrameworksBuildPhase;
			buildActionMask = 2147483647;
			files = (
			);
			runOnlyForDeploymentPostprocessing = 0;
		};
/* End PBXFrameworksBuildPhase section */

/* Begin PBXGroup section */
		166DB0B422BD803F008A0FC3 = {
			isa = PBXGroup;
			children = (
				166DB0BF22BD8040008A0FC3 /* hr1 */,
				166DB0BE22BD8040008A0FC3 /* Products */,
			);
			sourceTree = "<group>";
		};
		166DB0BE22BD8040008A0FC3 /* Products */ = {
			isa = PBXGroup;
			children = (
				166DB0BD22BD8040008A0FC3 /* hr1.app */,
			);
			name = Products;
			sourceTree = "<group>";
		};
		166DB0BF22BD8040008A0FC3 /* hr1 */ = {
			isa = PBXGroup;
			children = (
				166DB0C022BD8040008A0FC3 /* AppDelegate.swift */,
				166DB0C222BD8040008A0FC3 /* ViewControllerClass.swift */,
				166DB0C422BD8040008A0FC3 /* Main.storyboard */,
				166DB0C722BD8041008A0FC3 /* Assets.xcassets */,
				166DB0C922BD8041008A0FC3 /* LaunchScreen.storyboard */,
				166DB0CC22BD8041008A0FC3 /* Info.plist */,
				166DB0D222BD80BE008A0FC3 /* Employee.swift */,
				168C3B2A22CFF8DA008EF6CF /* FullTime.swift */,
				168C3B2C22D92218008EF6CF /* PartTime.swift */,
				167A391422EB9C180038E2DA /* Vehicle.swift */,
			);
			path = hr1;
			sourceTree = "<group>";
		};
/* End PBXGroup section */

/* Begin PBXNativeTarget section */
		166DB0BC22BD8040008A0FC3 /* hr1 */ = {
			isa = PBXNativeTarget;
			buildConfigurationList = 166DB0CF22BD8041008A0FC3 /* Build configuration list for PBXNativeTarget "hr1" */;
			buildPhases = (
				166DB0B922BD8040008A0FC3 /* Sources */,
				166DB0BA22BD8040008A0FC3 /* Frameworks */,
				166DB0BB22BD8040008A0FC3 /* Resources */,
			);
			buildRules = (
			);
			dependencies = (
			);
			name = hr1;
			productName = hr1;
			productReference = 166DB0BD22BD8040008A0FC3 /* hr1.app */;
			productType = "com.apple.product-type.application";
		};
/* End PBXNativeTarget section */

/* Begin PBXProject section */
		166DB0B522BD803F008A0FC3 /* Project object */ = {
			isa = PBXProject;
			attributes = {
				LastSwiftUpdateCheck = 1020;
				LastUpgradeCheck = 1020;
				ORGANIZATIONNAME = "Marc Bueno";
				TargetAttributes = {
					166DB0BC22BD8040008A0FC3 = {
						CreatedOnToolsVersion = 10.2.1;
					};
				};
			};
			buildConfigurationList = 166DB0B822BD803F008A0FC3 /* Build configuration list for PBXProject "hr1" */;
			compatibilityVersion = "Xcode 9.3";
			developmentRegion = en;
			hasScannedForEncodings = 0;
			knownRegions = (
				en,
				Base,
			);
			mainGroup = 166DB0B422BD803F008A0FC3;
			productRefGroup = 166DB0BE22BD8040008A0FC3 /* Products */;
			projectDirPath = "";
			projectRoot = "";
			targets = (
				166DB0BC22BD8040008A0FC3 /* hr1 */,
			);
		};
/* End PBXProject section */

/* Begin PBXResourcesBuildPhase section */
		166DB0BB22BD8040008A0FC3 /* Resources */ = {
			isa = PBXResourcesBuildPhase;
			buildActionMask = 2147483647;
			files = (
				166DB0CB22BD8041008A0FC3 /* LaunchScreen.storyboard in Resources */,
				166DB0C822BD8041008A0FC3 /* Assets.xcassets in Resources */,
				166DB0C622BD8040008A0FC3 /* Main.storyboard in Resources */,
			);
			runOnlyForDeploymentPostprocessing = 0;
		};
/* End PBXResourcesBuildPhase section */

/* Begin PBXSourcesBuildPhase section */
		166DB0B922BD8040008A0FC3 /* Sources */ = {
			isa = PBXSourcesBuildPhase;
			buildActionMask = 2147483647;
			files = (
				167A391522EB9C180038E2DA /* Vehicle.swift in Sources */,
				166DB0C322BD8040008A0FC3 /* ViewControllerClass.swift in Sources */,
				166DB0D322BD80BE008A0FC3 /* Employee.swift in Sources */,
				166DB0C122BD8040008A0FC3 /* AppDelegate.swift in Sources */,
				168C3B2D22D92218008EF6CF /* PartTime.swift in Sources */,
				168C3B2B22CFF8DA008EF6CF /* FullTime.swift in Sources */,
			);
			runOnlyForDeploymentPostprocessing = 0;
		};
/* End PBXSourcesBuildPhase section */

/* Begin PBXVariantGroup section */
		166DB0C422BD8040008A0FC3 /* Main.storyboard */ = {
			isa = PBXVariantGroup;
			children = (
				166DB0C522BD8040008A0FC3 /* Base */,
			);
			name = Main.storyboard;
			sourceTree = "<group>";
		};
		166DB0C922BD8041008A0FC3 /* LaunchScreen.storyboard */ = {
			isa = PBXVariantGroup;
			children = (
				166DB0CA22BD8041008A0FC3 /* Base */,
			);
			name = LaunchScreen.storyboard;
			sourceTree = "<group>";
		};
/* End PBXVariantGroup section */

/* Begin XCBuildConfiguration section */
		166DB0CD22BD8041008A0FC3 /* Debug */ = {
			isa = XCBuildConfiguration;
			buildSettings = {
				ALWAYS_SEARCH_USER_PATHS = NO;
				CLANG_ANALYZER_NONNULL = YES;
				CLANG_ANALYZER_NUMBER_OBJECT_CONVERSION = YES_AGGRESSIVE;
				CLANG_CXX_LANGUAGE_STANDARD = "gnu++14";
				CLANG_CXX_LIBRARY = "libc++";
				CLANG_ENABLE_MODULES = YES;
				CLANG_ENABLE_OBJC_ARC = YES;
				CLANG_ENABLE_OBJC_WEAK = YES;
				CLANG_WARN_BLOCK_CAPTURE_AUTORELEASING = YES;
				CLANG_WARN_BOOL_CONVERSION = YES;
				CLANG_WARN_COMMA = YES;
				CLANG_WARN_CONSTANT_CONVERSION = YES;
				CLANG_WARN_DEPRECATED_OBJC_IMPLEMENTATIONS = YES;
				CLANG_WARN_DIRECT_OBJC_ISA_USAGE = YES_ERROR;
				CLANG_WARN_DOCUMENTATION_COMMENTS = YES;
				CLANG_WARN_EMPTY_BODY = YES;
				CLANG_WARN_ENUM_CONVERSION = YES;
				CLANG_WARN_INFINITE_RECURSION = YES;
				CLANG_WARN_INT_CONVERSION = YES;
				CLANG_WARN_NON_LITERAL_NULL_CONVERSION = YES;
				CLANG_WARN_OBJC_IMPLICIT_RETAIN_SELF = YES;
				CLANG_WARN_OBJC_LITERAL_CONVERSION = YES;
				CLANG_WARN_OBJC_ROOT_CLASS = YES_ERROR;
				CLANG_WARN_RANGE_LOOP_ANALYSIS = YES;
				CLANG_WARN_STRICT_PROTOTYPES = YES;
				CLANG_WARN_SUSPICIOUS_MOVE = YES;
				CLANG_WARN_UNGUARDED_AVAILABILITY = YES_AGGRESSIVE;
				CLANG_WARN_UNREACHABLE_CODE = YES;
				CLANG_WARN__DUPLICATE_METHOD_MATCH = YES;
				CODE_SIGN_IDENTITY = "iPhone Developer";
				COPY_PHASE_STRIP = NO;
				DEBUG_INFORMATION_FORMAT = dwarf;
				ENABLE_STRICT_OBJC_MSGSEND = YES;
				ENABLE_TESTABILITY = YES;
				GCC_C_LANGUAGE_STANDARD = gnu11;
				GCC_DYNAMIC_NO_PIC = NO;
				GCC_NO_COMMON_BLOCKS = YES;
				GCC_OPTIMIZATION_LEVEL = 0;
				GCC_PREPROCESSOR_DEFINITIONS = (
					"DEBUG=1",
					"$(inherited)",
				);
				GCC_WARN_64_TO_32_BIT_CONVERSION = YES;
				GCC_WARN_ABOUT_RETURN_TYPE = YES_ERROR;
				GCC_WARN_UNDECLARED_SELECTOR = YES;
				GCC_WARN_UNINITIALIZED_AUTOS = YES_AGGRESSIVE;
				GCC_WARN_UNUSED_FUNCTION = YES;
				GCC_WARN_UNUSED_VARIABLE = YES;
				IPHONEOS_DEPLOYMENT_TARGET = 12.2;
				MTL_ENABLE_DEBUG_INFO = INCLUDE_SOURCE;
				MTL_FAST_MATH = YES;
				ONLY_ACTIVE_ARCH = YES;
				SDKROOT = iphoneos;
				SWIFT_ACTIVE_COMPILATION_CONDITIONS = DEBUG;
				SWIFT_OPTIMIZATION_LEVEL = "-Onone";
			};
			name = Debug;
		};
		166DB0CE22BD8041008A0FC3 /* Release */ = {
			isa = XCBuildConfiguration;
			buildSettings = {
				ALWAYS_SEARCH_USER_PATHS = NO;
				CLANG_ANALYZER_NONNULL = YES;
				CLANG_ANALYZER_NUMBER_OBJECT_CONVERSION = YES_AGGRESSIVE;
				CLANG_CXX_LANGUAGE_STANDARD = "gnu++14";
				CLANG_CXX_LIBRARY = "libc++";
				CLANG_ENABLE_MODULES = YES;
				CLANG_ENABLE_OBJC_ARC = YES;
				CLANG_ENABLE_OBJC_WEAK = YES;
				CLANG_WARN_BLOCK_CAPTURE_AUTORELEASING = YES;
				CLANG_WARN_BOOL_CONVERSION = YES;
				CLANG_WARN_COMMA = YES;
				CLANG_WARN_CONSTANT_CONVERSION = YES;
				CLANG_WARN_DEPRECATED_OBJC_IMPLEMENTATIONS = YES;
				CLANG_WARN_DIRECT_OBJC_ISA_USAGE = YES_ERROR;
				CLANG_WARN_DOCUMENTATION_COMMENTS = YES;
				CLANG_WARN_EMPTY_BODY = YES;
				CLANG_WARN_ENUM_CONVERSION = YES;
				CLANG_WARN_INFINITE_RECURSION = YES;
				CLANG_WARN_INT_CONVERSION = YES;
				CLANG_WARN_NON_LITERAL_NULL_CONVERSION = YES;
				CLANG_WARN_OBJC_IMPLICIT_RETAIN_SELF = YES;
				CLANG_WARN_OBJC_LITERAL_CONVERSION = YES;
				CLANG_WARN_OBJC_ROOT_CLASS = YES_ERROR;
				CLANG_WARN_RANGE_LOOP_ANALYSIS = YES;
				CLANG_WARN_STRICT_PROTOTYPES = YES;
				CLANG_WARN_SUSPICIOUS_MOVE = YES;
				CLANG_WARN_UNGUARDED_AVAILABILITY = YES_AGGRESSIVE;
				CLANG_WARN_UNREACHABLE_CODE = YES;
				CLANG_WARN__DUPLICATE_METHOD_MATCH = YES;
				CODE_SIGN_IDENTITY = "iPhone Developer";
				COPY_PHASE_STRIP = NO;
				DEBUG_INFORMATION_FORMAT = "dwarf-with-dsym";
				ENABLE_NS_ASSERTIONS = NO;
				ENABLE_STRICT_OBJC_MSGSEND = YES;
				GCC_C_LANGUAGE_STANDARD = gnu11;
				GCC_NO_COMMON_BLOCKS = YES;
				GCC_WARN_64_TO_32_BIT_CONVERSION = YES;
				GCC_WARN_ABOUT_RETURN_TYPE = YES_ERROR;
				GCC_WARN_UNDECLARED_SELECTOR = YES;
				GCC_WARN_UNINITIALIZED_AUTOS = YES_AGGRESSIVE;
				GCC_WARN_UNUSED_FUNCTION = YES;
				GCC_WARN_UNUSED_VARIABLE = YES;
				IPHONEOS_DEPLOYMENT_TARGET = 12.2;
				MTL_ENABLE_DEBUG_INFO = NO;
				MTL_FAST_MATH = YES;
				SDKROOT = iphoneos;
				SWIFT_COMPILATION_MODE = wholemodule;
				SWIFT_OPTIMIZATION_LEVEL = "-O";
				VALIDATE_PRODUCT = YES;
			};
			name = Release;
		};
		166DB0D022BD8041008A0FC3 /* Debug */ = {
			isa = XCBuildConfiguration;
			buildSettings = {
				ASSETCATALOG_COMPILER_APPICON_NAME = AppIcon;
				CODE_SIGN_STYLE = Automatic;
				INFOPLIST_FILE = hr1/Info.plist;
				LD_RUNPATH_SEARCH_PATHS = (
					"$(inherited)",
					"@executable_path/Frameworks",
				);
				PRODUCT_BUNDLE_IDENTIFIER = ca.marcbueno.hr1;
				PRODUCT_NAME = "$(TARGET_NAME)";
				SWIFT_VERSION = 5.0;
				TARGETED_DEVICE_FAMILY = "1,2";
			};
			name = Debug;
		};
		166DB0D122BD8041008A0FC3 /* Release */ = {
			isa = XCBuildConfiguration;
			buildSettings = {
				ASSETCATALOG_COMPILER_APPICON_NAME = AppIcon;
				CODE_SIGN_STYLE = Automatic;
				INFOPLIST_FILE = hr1/Info.plist;
				LD_RUNPATH_SEARCH_PATHS = (
					"$(inherited)",
					"@executable_path/Frameworks",
				);
				PRODUCT_BUNDLE_IDENTIFIER = ca.marcbueno.hr1;
				PRODUCT_NAME = "$(TARGET_NAME)";
				SWIFT_VERSION = 5.0;
				TARGETED_DEVICE_FAMILY = "1,2";
			};
			name = Release;
		};
/* End XCBuildConfiguration section */

/* Begin XCConfigurationList section */
		166DB0B822BD803F008A0FC3 /* Build configuration list for PBXProject "hr1" */ = {
			isa = XCConfigurationList;
			buildConfigurations = (
				166DB0CD22BD8041008A0FC3 /* Debug */,
				166DB0CE22BD8041008A0FC3 /* Release */,
			);
			defaultConfigurationIsVisible = 0;
			defaultConfigurationName = Release;
		};
		166DB0CF22BD8041008A0FC3 /* Build configuration list for PBXNativeTarget "hr1" */ = {
			isa = XCConfigurationList;
			buildConfigurations = (
				166DB0D022BD8041008A0FC3 /* Debug */,
				166DB0D122BD8041008A0FC3 /* Release */,
			);
			defaultConfigurationIsVisible = 0;
			defaultConfigurationName = Release;
		};
/* End XCConfigurationList section */
	};
	rootObject = 166DB0B522BD803F008A0FC3 /* Project object */;
}
